
Microsoft Visual Studio Solution File, Format Version 12.00
# Visual Studio Version 17
VisualStudioVersion = 17.13.35931.197
MinimumVisualStudioVersion = 10.0.40219.1
Project("{2150E333-8FDC-42A3-9474-1A3956D46DE8}") = "src", "src", "{02EA681E-C7D8-13C7-8484-4AC65E1B71E8}"
EndProject
Project("{2150E333-8FDC-42A3-9474-1A3956D46DE8}") = "tests", "tests", "{8CB1976E-DA5A-4CC8-9CF8-6FD8EE3A50B1}"
EndProject
Project("{2150E333-8FDC-42A3-9474-1A3956D46DE8}") = "Core", "Core", "{D3677E48-F4EB-4C1A-A48E-A8698EED3F96}"
EndProject
Project("{FAE04EC0-301F-11D3-BF4B-00C04F79EFBC}") = "NET.Domain", "Core\NET.Domain\NET.Domain.csproj", "{54B4BFD5-063D-44C7-B853-DAC08BCC983A}"
EndProject
Project("{FAE04EC0-301F-11D3-BF4B-00C04F79EFBC}") = "NET.Application", "Core\NET.Application\NET.Application.csproj", "{D75088C6-F67D-4C4E-BAB3-E74593E5F506}"
EndProject
Project("{2150E333-8FDC-42A3-9474-1A3956D46DE8}") = "Infrastructure", "Infrastructure", "{579D009B-6433-4632-AE9C-D442BA4681F6}"
EndProject
Project("{FAE04EC0-301F-11D3-BF4B-00C04F79EFBC}") = "NET.Infrastructure", "Infrastructure\NET.Infrastructure\NET.Infrastructure.csproj", "{E13696ED-14A9-4329-BA5E-A87C3C0CFBB0}"
EndProject
Project("{FAE04EC0-301F-11D3-BF4B-00C04F79EFBC}") = "NET.Identity", "Infrastructure\NET.Identity\NET.Identity.csproj", "{FF894F10-331C-412E-A0A9-E8C334E9C65E}"
EndProject
Project("{2150E333-8FDC-42A3-9474-1A3956D46DE8}") = "Presentation", "Presentation", "{93D91374-E0A1-4F92-94BF-752C250C0544}"
EndProject
Project("{FAE04EC0-301F-11D3-BF4B-00C04F79EFBC}") = "NET.API", "Presentation\NET.API\NET.API.csproj", "{79E11BE7-9812-44C9-B44F-4DB720EB318E}"
EndProject
Project("{FAE04EC0-301F-11D3-BF4B-00C04F79EFBC}") = "NET.API.Tests", "Test\NET.API.Tests\NET.API.Tests.csproj", "{AD5C1AFE-F4DB-46D2-AB8E-CE8D9C4D3240}"
EndProject
Global
	GlobalSection(SolutionConfigurationPlatforms) = preSolution
		Debug|Any CPU = Debug|Any CPU
		Release|Any CPU = Release|Any CPU
	EndGlobalSection
	GlobalSection(ProjectConfigurationPlatforms) = postSolution
		{54B4BFD5-063D-44C7-B853-DAC08BCC983A}.Debug|Any CPU.ActiveCfg = Debug|Any CPU
		{54B4BFD5-063D-44C7-B853-DAC08BCC983A}.Debug|Any CPU.Build.0 = Debug|Any CPU
		{54B4BFD5-063D-44C7-B853-DAC08BCC983A}.Release|Any CPU.ActiveCfg = Release|Any CPU
		{54B4BFD5-063D-44C7-B853-DAC08BCC983A}.Release|Any CPU.Build.0 = Release|Any CPU
		{D75088C6-F67D-4C4E-BAB3-E74593E5F506}.Debug|Any CPU.ActiveCfg = Debug|Any CPU
		{D75088C6-F67D-4C4E-BAB3-E74593E5F506}.Debug|Any CPU.Build.0 = Debug|Any CPU
		{D75088C6-F67D-4C4E-BAB3-E74593E5F506}.Release|Any CPU.ActiveCfg = Release|Any CPU
		{D75088C6-F67D-4C4E-BAB3-E74593E5F506}.Release|Any CPU.Build.0 = Release|Any CPU
		{E13696ED-14A9-4329-BA5E-A87C3C0CFBB0}.Debug|Any CPU.ActiveCfg = Debug|Any CPU
		{E13696ED-14A9-4329-BA5E-A87C3C0CFBB0}.Debug|Any CPU.Build.0 = Debug|Any CPU
		{E13696ED-14A9-4329-BA5E-A87C3C0CFBB0}.Release|Any CPU.ActiveCfg = Release|Any CPU
		{E13696ED-14A9-4329-BA5E-A87C3C0CFBB0}.Release|Any CPU.Build.0 = Release|Any CPU
		{FF894F10-331C-412E-A0A9-E8C334E9C65E}.Debug|Any CPU.ActiveCfg = Debug|Any CPU
		{FF894F10-331C-412E-A0A9-E8C334E9C65E}.Debug|Any CPU.Build.0 = Debug|Any CPU
		{FF894F10-331C-412E-A0A9-E8C334E9C65E}.Release|Any CPU.ActiveCfg = Release|Any CPU
		{FF894F10-331C-412E-A0A9-E8C334E9C65E}.Release|Any CPU.Build.0 = Release|Any CPU
		{79E11BE7-9812-44C9-B44F-4DB720EB318E}.Debug|Any CPU.ActiveCfg = Debug|Any CPU
		{79E11BE7-9812-44C9-B44F-4DB720EB318E}.Debug|Any CPU.Build.0 = Debug|Any CPU
		{79E11BE7-9812-44C9-B44F-4DB720EB318E}.Release|Any CPU.ActiveCfg = Release|Any CPU
		{79E11BE7-9812-44C9-B44F-4DB720EB318E}.Release|Any CPU.Build.0 = Release|Any CPU
		{AD5C1AFE-F4DB-46D2-AB8E-CE8D9C4D3240}.Debug|Any CPU.ActiveCfg = Debug|Any CPU
		{AD5C1AFE-F4DB-46D2-AB8E-CE8D9C4D3240}.Debug|Any CPU.Build.0 = Debug|Any CPU
		{AD5C1AFE-F4DB-46D2-AB8E-CE8D9C4D3240}.Release|Any CPU.ActiveCfg = Release|Any CPU
		{AD5C1AFE-F4DB-46D2-AB8E-CE8D9C4D3240}.Release|Any CPU.Build.0 = Release|Any CPU
	EndGlobalSection
	GlobalSection(SolutionProperties) = preSolution
		HideSolutionNode = FALSE
	EndGlobalSection
	GlobalSection(NestedProjects) = preSolution
		{D3677E48-F4EB-4C1A-A48E-A8698EED3F96} = {02EA681E-C7D8-13C7-8484-4AC65E1B71E8}
		{54B4BFD5-063D-44C7-B853-DAC08BCC983A} = {D3677E48-F4EB-4C1A-A48E-A8698EED3F96}
		{D75088C6-F67D-4C4E-BAB3-E74593E5F506} = {D3677E48-F4EB-4C1A-A48E-A8698EED3F96}
		{579D009B-6433-4632-AE9C-D442BA4681F6} = {02EA681E-C7D8-13C7-8484-4AC65E1B71E8}
		{E13696ED-14A9-4329-BA5E-A87C3C0CFBB0} = {579D009B-6433-4632-AE9C-D442BA4681F6}
		{FF894F10-331C-412E-A0A9-E8C334E9C65E} = {579D009B-6433-4632-AE9C-D442BA4681F6}
		{93D91374-E0A1-4F92-94BF-752C250C0544} = {02EA681E-C7D8-13C7-8484-4AC65E1B71E8}
		{79E11BE7-9812-44C9-B44F-4DB720EB318E} = {93D91374-E0A1-4F92-94BF-752C250C0544}
		{AD5C1AFE-F4DB-46D2-AB8E-CE8D9C4D3240} = {8CB1976E-DA5A-4CC8-9CF8-6FD8EE3A50B1}
	EndGlobalSection
	GlobalSection(ExtensibilityGlobals) = postSolution
		SolutionGuid = {F67D7365-2A93-47CB-8E8C-9A62763C9F3C}
	EndGlobalSection
EndGlobal
